
Microsoft Visual Studio Solution File, Format Version 12.00
# Visual Studio Version 17
VisualStudioVersion = 17.8.34330.188
MinimumVisualStudioVersion = 10.0.40219.1
Project("{888888A0-9F3D-457C-B088-3A5042F75D52}") = "CIS261 Rectangle", "CIS261 Rectangle.pyproj", "{45AED56A-F249-455D-B438-4D1C50C86701}"
EndProject
Global
	GlobalSection(SolutionConfigurationPlatforms) = preSolution
		Debug|Any CPU = Debug|Any CPU
		Release|Any CPU = Release|Any CPU
	EndGlobalSection
	GlobalSection(ProjectConfigurationPlatforms) = postSolution
		{45AED56A-F249-455D-B438-4D1C50C86701}.Debug|Any CPU.ActiveCfg = Debug|Any CPU
		{45AED56A-F249-455D-B438-4D1C50C86701}.Release|Any CPU.ActiveCfg = Release|Any CPU
	EndGlobalSection
	GlobalSection(SolutionProperties) = preSolution
		HideSolutionNode = FALSE
	EndGlobalSection
	GlobalSection(ExtensibilityGlobals) = postSolution
		SolutionGuid = {82494640-4C85-483B-ADE3-1ABB16DDC9A6}
	EndGlobalSection
EndGlobal
